
Microsoft Visual Studio Solution File, Format Version 12.00
# Visual Studio 15
VisualStudioVersion = 15.0.27703.2035
MinimumVisualStudioVersion = 10.0.40219.1
Project("{FAE04EC0-301F-11D3-BF4B-00C04F79EFBC}") = "Xanimations.Forms.Sample.Android", "Xanimations.Forms.Sample\Xanimations.Forms.Sample.Android\Xanimations.Forms.Sample.Android.csproj", "{8D2331CF-BA4A-4619-8138-76965F3752C9}"
EndProject
Project("{FAE04EC0-301F-11D3-BF4B-00C04F79EFBC}") = "Xanimations.Forms.Sample.iOS", "Xanimations.Forms.Sample\Xanimations.Forms.Sample.iOS\Xanimations.Forms.Sample.iOS.csproj", "{12072E48-E1B2-426B-AA49-4ECC50EB3AAD}"
EndProject
Project("{FAE04EC0-301F-11D3-BF4B-00C04F79EFBC}") = "Xanimations.Forms.Sample.UWP", "Xanimations.Forms.Sample\Xanimations.Forms.Sample.UWP\Xanimations.Forms.Sample.UWP.csproj", "{5150F711-3C65-4F4A-9090-BE004D4DE736}"
EndProject
Project("{9A19103F-16F7-4668-BE54-9A1E7A4F7556}") = "Xanimations.Forms.Sample", "Xanimations.Forms.Sample\Xanimations.Forms.Sample\Xanimations.Forms.Sample.csproj", "{ECB82C48-C0DC-4222-A45B-77E4FBA8E1C0}"
EndProject
Project("{2150E333-8FDC-42A3-9474-1A3956D46DE8}") = "SolutionItems", "SolutionItems", "{4C5BE231-642E-4EA9-9CD3-C9AC4A0F396F}"
	ProjectSection(SolutionItems) = preProject
		.editorconfig = .editorconfig
		.gitattributes = .gitattributes
		.gitignore = .gitignore
		CODE_OF_CONDUCT.md = CODE_OF_CONDUCT.md
		CONTRIBUTING.md = CONTRIBUTING.md
		LICENSE.md = LICENSE.md
		PULL_REQUEST_TEMPLATE.md = PULL_REQUEST_TEMPLATE.md
		README.md = README.md
	EndProjectSection
EndProject
Project("{9A19103F-16F7-4668-BE54-9A1E7A4F7556}") = "XAnimations", "XAnimations\XAnimations.csproj", "{9C385B15-389A-4B2A-8F97-46E00647CC59}"
EndProject
Project("{9A19103F-16F7-4668-BE54-9A1E7A4F7556}") = "XAnimation.Forms", "XAnimation.Forms\XAnimation.Forms.csproj", "{3D6240C2-4AEA-4599-BA33-45D49F9670D0}"
EndProject
Project("{2150E333-8FDC-42A3-9474-1A3956D46DE8}") = "Xamarin Forms Sample", "Xamarin Forms Sample", "{7A89E638-1B68-4323-9212-385942F604D9}"
EndProject
Global
	GlobalSection(SolutionConfigurationPlatforms) = preSolution
		Debug|Any CPU = Debug|Any CPU
		Debug|ARM = Debug|ARM
		Debug|iPhone = Debug|iPhone
		Debug|iPhoneSimulator = Debug|iPhoneSimulator
		Debug|x64 = Debug|x64
		Debug|x86 = Debug|x86
		Release|Any CPU = Release|Any CPU
		Release|ARM = Release|ARM
		Release|iPhone = Release|iPhone
		Release|iPhoneSimulator = Release|iPhoneSimulator
		Release|x64 = Release|x64
		Release|x86 = Release|x86
	EndGlobalSection
	GlobalSection(ProjectConfigurationPlatforms) = postSolution
		{8D2331CF-BA4A-4619-8138-76965F3752C9}.Debug|Any CPU.ActiveCfg = Debug|Any CPU
		{8D2331CF-BA4A-4619-8138-76965F3752C9}.Debug|Any CPU.Build.0 = Debug|Any CPU
		{8D2331CF-BA4A-4619-8138-76965F3752C9}.Debug|Any CPU.Deploy.0 = Debug|Any CPU
		{8D2331CF-BA4A-4619-8138-76965F3752C9}.Debug|ARM.ActiveCfg = Debug|Any CPU
		{8D2331CF-BA4A-4619-8138-76965F3752C9}.Debug|ARM.Build.0 = Debug|Any CPU
		{8D2331CF-BA4A-4619-8138-76965F3752C9}.Debug|ARM.Deploy.0 = Debug|Any CPU
		{8D2331CF-BA4A-4619-8138-76965F3752C9}.Debug|iPhone.ActiveCfg = Debug|Any CPU
		{8D2331CF-BA4A-4619-8138-76965F3752C9}.Debug|iPhone.Build.0 = Debug|Any CPU
		{8D2331CF-BA4A-4619-8138-76965F3752C9}.Debug|iPhone.Deploy.0 = Debug|Any CPU
		{8D2331CF-BA4A-4619-8138-76965F3752C9}.Debug|iPhoneSimulator.ActiveCfg = Debug|Any CPU
		{8D2331CF-BA4A-4619-8138-76965F3752C9}.Debug|iPhoneSimulator.Build.0 = Debug|Any CPU
		{8D2331CF-BA4A-4619-8138-76965F3752C9}.Debug|iPhoneSimulator.Deploy.0 = Debug|Any CPU
		{8D2331CF-BA4A-4619-8138-76965F3752C9}.Debug|x64.ActiveCfg = Debug|Any CPU
		{8D2331CF-BA4A-4619-8138-76965F3752C9}.Debug|x64.Build.0 = Debug|Any CPU
		{8D2331CF-BA4A-4619-8138-76965F3752C9}.Debug|x64.Deploy.0 = Debug|Any CPU
		{8D2331CF-BA4A-4619-8138-76965F3752C9}.Debug|x86.ActiveCfg = Debug|Any CPU
		{8D2331CF-BA4A-4619-8138-76965F3752C9}.Debug|x86.Build.0 = Debug|Any CPU
		{8D2331CF-BA4A-4619-8138-76965F3752C9}.Debug|x86.Deploy.0 = Debug|Any CPU
		{8D2331CF-BA4A-4619-8138-76965F3752C9}.Release|Any CPU.ActiveCfg = Release|Any CPU
		{8D2331CF-BA4A-4619-8138-76965F3752C9}.Release|Any CPU.Build.0 = Release|Any CPU
		{8D2331CF-BA4A-4619-8138-76965F3752C9}.Release|Any CPU.Deploy.0 = Release|Any CPU
		{8D2331CF-BA4A-4619-8138-76965F3752C9}.Release|ARM.ActiveCfg = Release|Any CPU
		{8D2331CF-BA4A-4619-8138-76965F3752C9}.Release|ARM.Build.0 = Release|Any CPU
		{8D2331CF-BA4A-4619-8138-76965F3752C9}.Release|ARM.Deploy.0 = Release|Any CPU
		{8D2331CF-BA4A-4619-8138-76965F3752C9}.Release|iPhone.ActiveCfg = Release|Any CPU
		{8D2331CF-BA4A-4619-8138-76965F3752C9}.Release|iPhone.Build.0 = Release|Any CPU
		{8D2331CF-BA4A-4619-8138-76965F3752C9}.Release|iPhone.Deploy.0 = Release|Any CPU
		{8D2331CF-BA4A-4619-8138-76965F3752C9}.Release|iPhoneSimulator.ActiveCfg = Release|Any CPU
		{8D2331CF-BA4A-4619-8138-76965F3752C9}.Release|iPhoneSimulator.Build.0 = Release|Any CPU
		{8D2331CF-BA4A-4619-8138-76965F3752C9}.Release|iPhoneSimulator.Deploy.0 = Release|Any CPU
		{8D2331CF-BA4A-4619-8138-76965F3752C9}.Release|x64.ActiveCfg = Release|Any CPU
		{8D2331CF-BA4A-4619-8138-76965F3752C9}.Release|x64.Build.0 = Release|Any CPU
		{8D2331CF-BA4A-4619-8138-76965F3752C9}.Release|x64.Deploy.0 = Release|Any CPU
		{8D2331CF-BA4A-4619-8138-76965F3752C9}.Release|x86.ActiveCfg = Release|Any CPU
		{8D2331CF-BA4A-4619-8138-76965F3752C9}.Release|x86.Build.0 = Release|Any CPU
		{8D2331CF-BA4A-4619-8138-76965F3752C9}.Release|x86.Deploy.0 = Release|Any CPU
		{12072E48-E1B2-426B-AA49-4ECC50EB3AAD}.Debug|Any CPU.ActiveCfg = Debug|iPhoneSimulator
		{12072E48-E1B2-426B-AA49-4ECC50EB3AAD}.Debug|Any CPU.Build.0 = Debug|iPhoneSimulator
		{12072E48-E1B2-426B-AA49-4ECC50EB3AAD}.Debug|Any CPU.Deploy.0 = Debug|iPhoneSimulator
		{12072E48-E1B2-426B-AA49-4ECC50EB3AAD}.Debug|ARM.ActiveCfg = Debug|iPhone
		{12072E48-E1B2-426B-AA49-4ECC50EB3AAD}.Debug|ARM.Build.0 = Debug|iPhone
		{12072E48-E1B2-426B-AA49-4ECC50EB3AAD}.Debug|ARM.Deploy.0 = Debug|iPhone
		{12072E48-E1B2-426B-AA49-4ECC50EB3AAD}.Debug|iPhone.ActiveCfg = Debug|iPhone
		{12072E48-E1B2-426B-AA49-4ECC50EB3AAD}.Debug|iPhone.Build.0 = Debug|iPhone
		{12072E48-E1B2-426B-AA49-4ECC50EB3AAD}.Debug|iPhone.Deploy.0 = Debug|iPhone
		{12072E48-E1B2-426B-AA49-4ECC50EB3AAD}.Debug|iPhoneSimulator.ActiveCfg = Debug|iPhoneSimulator
		{12072E48-E1B2-426B-AA49-4ECC50EB3AAD}.Debug|iPhoneSimulator.Build.0 = Debug|iPhoneSimulator
		{12072E48-E1B2-426B-AA49-4ECC50EB3AAD}.Debug|iPhoneSimulator.Deploy.0 = Debug|iPhoneSimulator
		{12072E48-E1B2-426B-AA49-4ECC50EB3AAD}.Debug|x64.ActiveCfg = Debug|iPhone
		{12072E48-E1B2-426B-AA49-4ECC50EB3AAD}.Debug|x64.Deploy.0 = Debug|iPhone
		{12072E48-E1B2-426B-AA49-4ECC50EB3AAD}.Debug|x86.ActiveCfg = Debug|iPhone
		{12072E48-E1B2-426B-AA49-4ECC50EB3AAD}.Debug|x86.Build.0 = Debug|iPhone
		{12072E48-E1B2-426B-AA49-4ECC50EB3AAD}.Debug|x86.Deploy.0 = Debug|iPhone
		{12072E48-E1B2-426B-AA49-4ECC50EB3AAD}.Release|Any CPU.ActiveCfg = Release|iPhone
		{12072E48-E1B2-426B-AA49-4ECC50EB3AAD}.Release|Any CPU.Build.0 = Release|iPhone
		{12072E48-E1B2-426B-AA49-4ECC50EB3AAD}.Release|Any CPU.Deploy.0 = Release|iPhone
		{12072E48-E1B2-426B-AA49-4ECC50EB3AAD}.Release|ARM.ActiveCfg = Release|iPhone
		{12072E48-E1B2-426B-AA49-4ECC50EB3AAD}.Release|ARM.Build.0 = Release|iPhone
		{12072E48-E1B2-426B-AA49-4ECC50EB3AAD}.Release|ARM.Deploy.0 = Release|iPhone
		{12072E48-E1B2-426B-AA49-4ECC50EB3AAD}.Release|iPhone.ActiveCfg = Release|iPhone
		{12072E48-E1B2-426B-AA49-4ECC50EB3AAD}.Release|iPhone.Build.0 = Release|iPhone
		{12072E48-E1B2-426B-AA49-4ECC50EB3AAD}.Release|iPhone.Deploy.0 = Release|iPhone
		{12072E48-E1B2-426B-AA49-4ECC50EB3AAD}.Release|iPhoneSimulator.ActiveCfg = Release|iPhoneSimulator
		{12072E48-E1B2-426B-AA49-4ECC50EB3AAD}.Release|iPhoneSimulator.Build.0 = Release|iPhoneSimulator
		{12072E48-E1B2-426B-AA49-4ECC50EB3AAD}.Release|iPhoneSimulator.Deploy.0 = Release|iPhoneSimulator
		{12072E48-E1B2-426B-AA49-4ECC50EB3AAD}.Release|x64.ActiveCfg = Release|iPhone
		{12072E48-E1B2-426B-AA49-4ECC50EB3AAD}.Release|x64.Build.0 = Release|iPhone
		{12072E48-E1B2-426B-AA49-4ECC50EB3AAD}.Release|x64.Deploy.0 = Release|iPhone
		{12072E48-E1B2-426B-AA49-4ECC50EB3AAD}.Release|x86.ActiveCfg = Release|iPhone
		{12072E48-E1B2-426B-AA49-4ECC50EB3AAD}.Release|x86.Build.0 = Release|iPhone
		{12072E48-E1B2-426B-AA49-4ECC50EB3AAD}.Release|x86.Deploy.0 = Release|iPhone
		{5150F711-3C65-4F4A-9090-BE004D4DE736}.Debug|Any CPU.ActiveCfg = Debug|x86
		{5150F711-3C65-4F4A-9090-BE004D4DE736}.Debug|Any CPU.Build.0 = Debug|x86
		{5150F711-3C65-4F4A-9090-BE004D4DE736}.Debug|Any CPU.Deploy.0 = Debug|x86
		{5150F711-3C65-4F4A-9090-BE004D4DE736}.Debug|ARM.ActiveCfg = Debug|ARM
		{5150F711-3C65-4F4A-9090-BE004D4DE736}.Debug|ARM.Build.0 = Debug|ARM
		{5150F711-3C65-4F4A-9090-BE004D4DE736}.Debug|ARM.Deploy.0 = Debug|ARM
		{5150F711-3C65-4F4A-9090-BE004D4DE736}.Debug|iPhone.ActiveCfg = Debug|x86
		{5150F711-3C65-4F4A-9090-BE004D4DE736}.Debug|iPhone.Build.0 = Debug|x86
		{5150F711-3C65-4F4A-9090-BE004D4DE736}.Debug|iPhone.Deploy.0 = Debug|x86
		{5150F711-3C65-4F4A-9090-BE004D4DE736}.Debug|iPhoneSimulator.ActiveCfg = Debug|x86
		{5150F711-3C65-4F4A-9090-BE004D4DE736}.Debug|iPhoneSimulator.Build.0 = Debug|x86
		{5150F711-3C65-4F4A-9090-BE004D4DE736}.Debug|iPhoneSimulator.Deploy.0 = Debug|x86
		{5150F711-3C65-4F4A-9090-BE004D4DE736}.Debug|x64.ActiveCfg = Debug|x64
		{5150F711-3C65-4F4A-9090-BE004D4DE736}.Debug|x64.Build.0 = Debug|x64
		{5150F711-3C65-4F4A-9090-BE004D4DE736}.Debug|x64.Deploy.0 = Debug|x64
		{5150F711-3C65-4F4A-9090-BE004D4DE736}.Debug|x86.ActiveCfg = Debug|x86
		{5150F711-3C65-4F4A-9090-BE004D4DE736}.Debug|x86.Build.0 = Debug|x86
		{5150F711-3C65-4F4A-9090-BE004D4DE736}.Debug|x86.Deploy.0 = Debug|x86
		{5150F711-3C65-4F4A-9090-BE004D4DE736}.Release|Any CPU.ActiveCfg = Release|x86
		{5150F711-3C65-4F4A-9090-BE004D4DE736}.Release|Any CPU.Build.0 = Release|x86
		{5150F711-3C65-4F4A-9090-BE004D4DE736}.Release|Any CPU.Deploy.0 = Release|x86
		{5150F711-3C65-4F4A-9090-BE004D4DE736}.Release|ARM.ActiveCfg = Release|ARM
		{5150F711-3C65-4F4A-9090-BE004D4DE736}.Release|ARM.Build.0 = Release|ARM
		{5150F711-3C65-4F4A-9090-BE004D4DE736}.Release|ARM.Deploy.0 = Release|ARM
		{5150F711-3C65-4F4A-9090-BE004D4DE736}.Release|iPhone.ActiveCfg = Release|x86
		{5150F711-3C65-4F4A-9090-BE004D4DE736}.Release|iPhone.Build.0 = Release|x86
		{5150F711-3C65-4F4A-9090-BE004D4DE736}.Release|iPhone.Deploy.0 = Release|x86
		{5150F711-3C65-4F4A-9090-BE004D4DE736}.Release|iPhoneSimulator.ActiveCfg = Release|x86
		{5150F711-3C65-4F4A-9090-BE004D4DE736}.Release|iPhoneSimulator.Build.0 = Release|x86
		{5150F711-3C65-4F4A-9090-BE004D4DE736}.Release|iPhoneSimulator.Deploy.0 = Release|x86
		{5150F711-3C65-4F4A-9090-BE004D4DE736}.Release|x64.ActiveCfg = Release|x64
		{5150F711-3C65-4F4A-9090-BE004D4DE736}.Release|x64.Build.0 = Release|x64
		{5150F711-3C65-4F4A-9090-BE004D4DE736}.Release|x64.Deploy.0 = Release|x64
		{5150F711-3C65-4F4A-9090-BE004D4DE736}.Release|x86.ActiveCfg = Release|x86
		{5150F711-3C65-4F4A-9090-BE004D4DE736}.Release|x86.Build.0 = Release|x86
		{5150F711-3C65-4F4A-9090-BE004D4DE736}.Release|x86.Deploy.0 = Release|x86
		{ECB82C48-C0DC-4222-A45B-77E4FBA8E1C0}.Debug|Any CPU.ActiveCfg = Debug|Any CPU
		{ECB82C48-C0DC-4222-A45B-77E4FBA8E1C0}.Debug|Any CPU.Build.0 = Debug|Any CPU
		{ECB82C48-C0DC-4222-A45B-77E4FBA8E1C0}.Debug|Any CPU.Deploy.0 = Debug|Any CPU
		{ECB82C48-C0DC-4222-A45B-77E4FBA8E1C0}.Debug|ARM.ActiveCfg = Debug|Any CPU
		{ECB82C48-C0DC-4222-A45B-77E4FBA8E1C0}.Debug|ARM.Build.0 = Debug|Any CPU
		{ECB82C48-C0DC-4222-A45B-77E4FBA8E1C0}.Debug|ARM.Deploy.0 = Debug|Any CPU
		{ECB82C48-C0DC-4222-A45B-77E4FBA8E1C0}.Debug|iPhone.ActiveCfg = Debug|Any CPU
		{ECB82C48-C0DC-4222-A45B-77E4FBA8E1C0}.Debug|iPhone.Build.0 = Debug|Any CPU
		{ECB82C48-C0DC-4222-A45B-77E4FBA8E1C0}.Debug|iPhone.Deploy.0 = Debug|Any CPU
		{ECB82C48-C0DC-4222-A45B-77E4FBA8E1C0}.Debug|iPhoneSimulator.ActiveCfg = Debug|Any CPU
		{ECB82C48-C0DC-4222-A45B-77E4FBA8E1C0}.Debug|iPhoneSimulator.Build.0 = Debug|Any CPU
		{ECB82C48-C0DC-4222-A45B-77E4FBA8E1C0}.Debug|iPhoneSimulator.Deploy.0 = Debug|Any CPU
		{ECB82C48-C0DC-4222-A45B-77E4FBA8E1C0}.Debug|x64.ActiveCfg = Debug|Any CPU
		{ECB82C48-C0DC-4222-A45B-77E4FBA8E1C0}.Debug|x64.Build.0 = Debug|Any CPU
		{ECB82C48-C0DC-4222-A45B-77E4FBA8E1C0}.Debug|x64.Deploy.0 = Debug|Any CPU
		{ECB82C48-C0DC-4222-A45B-77E4FBA8E1C0}.Debug|x86.ActiveCfg = Debug|Any CPU
		{ECB82C48-C0DC-4222-A45B-77E4FBA8E1C0}.Debug|x86.Build.0 = Debug|Any CPU
		{ECB82C48-C0DC-4222-A45B-77E4FBA8E1C0}.Debug|x86.Deploy.0 = Debug|Any CPU
		{ECB82C48-C0DC-4222-A45B-77E4FBA8E1C0}.Release|Any CPU.ActiveCfg = Release|Any CPU
		{ECB82C48-C0DC-4222-A45B-77E4FBA8E1C0}.Release|Any CPU.Build.0 = Release|Any CPU
		{ECB82C48-C0DC-4222-A45B-77E4FBA8E1C0}.Release|Any CPU.Deploy.0 = Release|Any CPU
		{ECB82C48-C0DC-4222-A45B-77E4FBA8E1C0}.Release|ARM.ActiveCfg = Release|Any CPU
		{ECB82C48-C0DC-4222-A45B-77E4FBA8E1C0}.Release|ARM.Build.0 = Release|Any CPU
		{ECB82C48-C0DC-4222-A45B-77E4FBA8E1C0}.Release|ARM.Deploy.0 = Release|Any CPU
		{ECB82C48-C0DC-4222-A45B-77E4FBA8E1C0}.Release|iPhone.ActiveCfg = Release|Any CPU
		{ECB82C48-C0DC-4222-A45B-77E4FBA8E1C0}.Release|iPhone.Build.0 = Release|Any CPU
		{ECB82C48-C0DC-4222-A45B-77E4FBA8E1C0}.Release|iPhone.Deploy.0 = Release|Any CPU
		{ECB82C48-C0DC-4222-A45B-77E4FBA8E1C0}.Release|iPhoneSimulator.ActiveCfg = Release|Any CPU
		{ECB82C48-C0DC-4222-A45B-77E4FBA8E1C0}.Release|iPhoneSimulator.Build.0 = Release|Any CPU
		{ECB82C48-C0DC-4222-A45B-77E4FBA8E1C0}.Release|iPhoneSimulator.Deploy.0 = Release|Any CPU
		{ECB82C48-C0DC-4222-A45B-77E4FBA8E1C0}.Release|x64.ActiveCfg = Release|Any CPU
		{ECB82C48-C0DC-4222-A45B-77E4FBA8E1C0}.Release|x64.Build.0 = Release|Any CPU
		{ECB82C48-C0DC-4222-A45B-77E4FBA8E1C0}.Release|x64.Deploy.0 = Release|Any CPU
		{ECB82C48-C0DC-4222-A45B-77E4FBA8E1C0}.Release|x86.ActiveCfg = Release|Any CPU
		{ECB82C48-C0DC-4222-A45B-77E4FBA8E1C0}.Release|x86.Build.0 = Release|Any CPU
		{ECB82C48-C0DC-4222-A45B-77E4FBA8E1C0}.Release|x86.Deploy.0 = Release|Any CPU
		{9C385B15-389A-4B2A-8F97-46E00647CC59}.Debug|Any CPU.ActiveCfg = Debug|Any CPU
		{9C385B15-389A-4B2A-8F97-46E00647CC59}.Debug|Any CPU.Build.0 = Debug|Any CPU
		{9C385B15-389A-4B2A-8F97-46E00647CC59}.Debug|ARM.ActiveCfg = Debug|Any CPU
		{9C385B15-389A-4B2A-8F97-46E00647CC59}.Debug|ARM.Build.0 = Debug|Any CPU
		{9C385B15-389A-4B2A-8F97-46E00647CC59}.Debug|iPhone.ActiveCfg = Debug|Any CPU
		{9C385B15-389A-4B2A-8F97-46E00647CC59}.Debug|iPhone.Build.0 = Debug|Any CPU
		{9C385B15-389A-4B2A-8F97-46E00647CC59}.Debug|iPhoneSimulator.ActiveCfg = Debug|Any CPU
		{9C385B15-389A-4B2A-8F97-46E00647CC59}.Debug|iPhoneSimulator.Build.0 = Debug|Any CPU
		{9C385B15-389A-4B2A-8F97-46E00647CC59}.Debug|x64.ActiveCfg = Debug|Any CPU
		{9C385B15-389A-4B2A-8F97-46E00647CC59}.Debug|x64.Build.0 = Debug|Any CPU
		{9C385B15-389A-4B2A-8F97-46E00647CC59}.Debug|x86.ActiveCfg = Debug|Any CPU
		{9C385B15-389A-4B2A-8F97-46E00647CC59}.Debug|x86.Build.0 = Debug|Any CPU
		{9C385B15-389A-4B2A-8F97-46E00647CC59}.Release|Any CPU.ActiveCfg = Release|Any CPU
		{9C385B15-389A-4B2A-8F97-46E00647CC59}.Release|Any CPU.Build.0 = Release|Any CPU
		{9C385B15-389A-4B2A-8F97-46E00647CC59}.Release|ARM.ActiveCfg = Release|Any CPU
		{9C385B15-389A-4B2A-8F97-46E00647CC59}.Release|ARM.Build.0 = Release|Any CPU
		{9C385B15-389A-4B2A-8F97-46E00647CC59}.Release|iPhone.ActiveCfg = Release|Any CPU
		{9C385B15-389A-4B2A-8F97-46E00647CC59}.Release|iPhone.Build.0 = Release|Any CPU
		{9C385B15-389A-4B2A-8F97-46E00647CC59}.Release|iPhoneSimulator.ActiveCfg = Release|Any CPU
		{9C385B15-389A-4B2A-8F97-46E00647CC59}.Release|iPhoneSimulator.Build.0 = Release|Any CPU
		{9C385B15-389A-4B2A-8F97-46E00647CC59}.Release|x64.ActiveCfg = Release|Any CPU
		{9C385B15-389A-4B2A-8F97-46E00647CC59}.Release|x64.Build.0 = Release|Any CPU
		{9C385B15-389A-4B2A-8F97-46E00647CC59}.Release|x86.ActiveCfg = Release|Any CPU
		{9C385B15-389A-4B2A-8F97-46E00647CC59}.Release|x86.Build.0 = Release|Any CPU
		{3D6240C2-4AEA-4599-BA33-45D49F9670D0}.Debug|Any CPU.ActiveCfg = Debug|Any CPU
		{3D6240C2-4AEA-4599-BA33-45D49F9670D0}.Debug|Any CPU.Build.0 = Debug|Any CPU
		{3D6240C2-4AEA-4599-BA33-45D49F9670D0}.Debug|ARM.ActiveCfg = Debug|Any CPU
		{3D6240C2-4AEA-4599-BA33-45D49F9670D0}.Debug|ARM.Build.0 = Debug|Any CPU
		{3D6240C2-4AEA-4599-BA33-45D49F9670D0}.Debug|iPhone.ActiveCfg = Debug|Any CPU
		{3D6240C2-4AEA-4599-BA33-45D49F9670D0}.Debug|iPhone.Build.0 = Debug|Any CPU
		{3D6240C2-4AEA-4599-BA33-45D49F9670D0}.Debug|iPhoneSimulator.ActiveCfg = Debug|Any CPU
		{3D6240C2-4AEA-4599-BA33-45D49F9670D0}.Debug|iPhoneSimulator.Build.0 = Debug|Any CPU
		{3D6240C2-4AEA-4599-BA33-45D49F9670D0}.Debug|x64.ActiveCfg = Debug|Any CPU
		{3D6240C2-4AEA-4599-BA33-45D49F9670D0}.Debug|x64.Build.0 = Debug|Any CPU
		{3D6240C2-4AEA-4599-BA33-45D49F9670D0}.Debug|x86.ActiveCfg = Debug|Any CPU
		{3D6240C2-4AEA-4599-BA33-45D49F9670D0}.Debug|x86.Build.0 = Debug|Any CPU
		{3D6240C2-4AEA-4599-BA33-45D49F9670D0}.Release|Any CPU.ActiveCfg = Release|Any CPU
		{3D6240C2-4AEA-4599-BA33-45D49F9670D0}.Release|Any CPU.Build.0 = Release|Any CPU
		{3D6240C2-4AEA-4599-BA33-45D49F9670D0}.Release|ARM.ActiveCfg = Release|Any CPU
		{3D6240C2-4AEA-4599-BA33-45D49F9670D0}.Release|ARM.Build.0 = Release|Any CPU
		{3D6240C2-4AEA-4599-BA33-45D49F9670D0}.Release|iPhone.ActiveCfg = Release|Any CPU
		{3D6240C2-4AEA-4599-BA33-45D49F9670D0}.Release|iPhone.Build.0 = Release|Any CPU
		{3D6240C2-4AEA-4599-BA33-45D49F9670D0}.Release|iPhoneSimulator.ActiveCfg = Release|Any CPU
		{3D6240C2-4AEA-4599-BA33-45D49F9670D0}.Release|iPhoneSimulator.Build.0 = Release|Any CPU
		{3D6240C2-4AEA-4599-BA33-45D49F9670D0}.Release|x64.ActiveCfg = Release|Any CPU
		{3D6240C2-4AEA-4599-BA33-45D49F9670D0}.Release|x64.Build.0 = Release|Any CPU
		{3D6240C2-4AEA-4599-BA33-45D49F9670D0}.Release|x86.ActiveCfg = Release|Any CPU
		{3D6240C2-4AEA-4599-BA33-45D49F9670D0}.Release|x86.Build.0 = Release|Any CPU
	EndGlobalSection
	GlobalSection(SolutionProperties) = preSolution
		HideSolutionNode = FALSE
	EndGlobalSection
	GlobalSection(NestedProjects) = preSolution
		{8D2331CF-BA4A-4619-8138-76965F3752C9} = {7A89E638-1B68-4323-9212-385942F604D9}
		{12072E48-E1B2-426B-AA49-4ECC50EB3AAD} = {7A89E638-1B68-4323-9212-385942F604D9}
		{5150F711-3C65-4F4A-9090-BE004D4DE736} = {7A89E638-1B68-4323-9212-385942F604D9}
		{ECB82C48-C0DC-4222-A45B-77E4FBA8E1C0} = {7A89E638-1B68-4323-9212-385942F604D9}
	EndGlobalSection
	GlobalSection(ExtensibilityGlobals) = postSolution
		SolutionGuid = {35369859-BAA2-441B-A41B-BE203E9FA467}
	EndGlobalSection
EndGlobal
