
Microsoft Visual Studio Solution File, Format Version 12.00
# Visual Studio 15
VisualStudioVersion = 15.0.26020.0
MinimumVisualStudioVersion = 10.0.40219.1
Project("{FAE04EC0-301F-11D3-BF4B-00C04F79EFBC}") = "XAnimations.Droid", "XAnimations.Droid\XAnimations.Droid.csproj", "{0A2DC88C-9E36-4B60-8DD7-0E0C0EDF2322}"
EndProject
Project("{FAE04EC0-301F-11D3-BF4B-00C04F79EFBC}") = "XAnimations.DroidDemo", "XAnimations.DroidDemo\XAnimations.DroidDemo.csproj", "{58955E3D-E57A-445E-886E-1646CEB20451}"
EndProject
Project("{2150E333-8FDC-42A3-9474-1A3956D46DE8}") = "Solution Files", "Solution Files", "{E5ADD1C0-C61B-430B-B0B7-AD7FFADAE3C0}"
	ProjectSection(SolutionItems) = preProject
		..\bootstrapper.ps1 = ..\bootstrapper.ps1
		..\build.cake = ..\build.cake
		..\LICENSE = ..\LICENSE
		..\nuget\Plugin.nuspec = ..\nuget\Plugin.nuspec
		..\README.md = ..\README.md
	EndProjectSection
EndProject
Global
	GlobalSection(SolutionConfigurationPlatforms) = preSolution
		Debug|Any CPU = Debug|Any CPU
		Release|Any CPU = Release|Any CPU
	EndGlobalSection
	GlobalSection(ProjectConfigurationPlatforms) = postSolution
		{0A2DC88C-9E36-4B60-8DD7-0E0C0EDF2322}.Debug|Any CPU.ActiveCfg = Debug|Any CPU
		{0A2DC88C-9E36-4B60-8DD7-0E0C0EDF2322}.Debug|Any CPU.Build.0 = Debug|Any CPU
		{0A2DC88C-9E36-4B60-8DD7-0E0C0EDF2322}.Release|Any CPU.ActiveCfg = Release|Any CPU
		{0A2DC88C-9E36-4B60-8DD7-0E0C0EDF2322}.Release|Any CPU.Build.0 = Release|Any CPU
		{58955E3D-E57A-445E-886E-1646CEB20451}.Debug|Any CPU.ActiveCfg = Debug|Any CPU
		{58955E3D-E57A-445E-886E-1646CEB20451}.Debug|Any CPU.Build.0 = Debug|Any CPU
		{58955E3D-E57A-445E-886E-1646CEB20451}.Debug|Any CPU.Deploy.0 = Debug|Any CPU
		{58955E3D-E57A-445E-886E-1646CEB20451}.Release|Any CPU.ActiveCfg = Release|Any CPU
		{58955E3D-E57A-445E-886E-1646CEB20451}.Release|Any CPU.Build.0 = Release|Any CPU
		{58955E3D-E57A-445E-886E-1646CEB20451}.Release|Any CPU.Deploy.0 = Release|Any CPU
	EndGlobalSection
	GlobalSection(SolutionProperties) = preSolution
		HideSolutionNode = FALSE
	EndGlobalSection
EndGlobal
